
Microsoft Visual Studio Solution File, Format Version 12.00
# Visual Studio Version 17
VisualStudioVersion = 17.10.34916.146
MinimumVisualStudioVersion = 10.0.40219.1
Project("{9A19103F-16F7-4668-BE54-9A1E7A4F7556}") = "Echosync", "Echosync\Echosync.csproj", "{13C812E9-0D42-4B95-8646-40EEBF30636F}"
EndProject
Project("{9A19103F-16F7-4668-BE54-9A1E7A4F7556}") = "Echosync-Server", "Echosync-Server\Echosync-Server.csproj", "{879FC7FB-5B24-4775-BC34-073A30C95A57}"
EndProject
Project("{9A19103F-16F7-4668-BE54-9A1E7A4F7556}") = "Echosync-Data", "Echosync-Data\Echosync-Data.csproj", "{F4898945-1598-42A7-963C-AAFEB3F5786D}"
EndProject
Project("{2150E333-8FDC-42A3-9474-1A3956D46DE8}") = "Data", "Data", "{9C64E85B-198F-465A-8B58-B47BD415CC8F}"
EndProject
Global
	GlobalSection(SolutionConfigurationPlatforms) = preSolution
		Debug|Any CPU = Debug|Any CPU
		Debug|x64 = Debug|x64
		Release|Any CPU = Release|Any CPU
		Release|x64 = Release|x64
	EndGlobalSection
	GlobalSection(ProjectConfigurationPlatforms) = postSolution
		{13C812E9-0D42-4B95-8646-40EEBF30636F}.Debug|Any CPU.ActiveCfg = Debug|x64
		{13C812E9-0D42-4B95-8646-40EEBF30636F}.Debug|Any CPU.Build.0 = Debug|x64
		{13C812E9-0D42-4B95-8646-40EEBF30636F}.Debug|x64.ActiveCfg = Debug|x64
		{13C812E9-0D42-4B95-8646-40EEBF30636F}.Debug|x64.Build.0 = Debug|x64
		{13C812E9-0D42-4B95-8646-40EEBF30636F}.Release|Any CPU.ActiveCfg = Release|x64
		{13C812E9-0D42-4B95-8646-40EEBF30636F}.Release|Any CPU.Build.0 = Release|x64
		{13C812E9-0D42-4B95-8646-40EEBF30636F}.Release|x64.ActiveCfg = Release|x64
		{13C812E9-0D42-4B95-8646-40EEBF30636F}.Release|x64.Build.0 = Release|x64
		{879FC7FB-5B24-4775-BC34-073A30C95A57}.Debug|Any CPU.ActiveCfg = Debug|Any CPU
		{879FC7FB-5B24-4775-BC34-073A30C95A57}.Debug|Any CPU.Build.0 = Debug|Any CPU
		{879FC7FB-5B24-4775-BC34-073A30C95A57}.Debug|x64.ActiveCfg = Debug|Any CPU
		{879FC7FB-5B24-4775-BC34-073A30C95A57}.Debug|x64.Build.0 = Debug|Any CPU
		{879FC7FB-5B24-4775-BC34-073A30C95A57}.Release|Any CPU.ActiveCfg = Release|Any CPU
		{879FC7FB-5B24-4775-BC34-073A30C95A57}.Release|Any CPU.Build.0 = Release|Any CPU
		{879FC7FB-5B24-4775-BC34-073A30C95A57}.Release|x64.ActiveCfg = Release|Any CPU
		{879FC7FB-5B24-4775-BC34-073A30C95A57}.Release|x64.Build.0 = Release|Any CPU
		{F4898945-1598-42A7-963C-AAFEB3F5786D}.Debug|Any CPU.ActiveCfg = Debug|Any CPU
		{F4898945-1598-42A7-963C-AAFEB3F5786D}.Debug|Any CPU.Build.0 = Debug|Any CPU
		{F4898945-1598-42A7-963C-AAFEB3F5786D}.Debug|x64.ActiveCfg = Debug|Any CPU
		{F4898945-1598-42A7-963C-AAFEB3F5786D}.Debug|x64.Build.0 = Debug|Any CPU
		{F4898945-1598-42A7-963C-AAFEB3F5786D}.Release|Any CPU.ActiveCfg = Release|Any CPU
		{F4898945-1598-42A7-963C-AAFEB3F5786D}.Release|Any CPU.Build.0 = Release|Any CPU
		{F4898945-1598-42A7-963C-AAFEB3F5786D}.Release|x64.ActiveCfg = Release|Any CPU
		{F4898945-1598-42A7-963C-AAFEB3F5786D}.Release|x64.Build.0 = Release|Any CPU
	EndGlobalSection
	GlobalSection(SolutionProperties) = preSolution
		HideSolutionNode = FALSE
	EndGlobalSection
	GlobalSection(ExtensibilityGlobals) = postSolution
		SolutionGuid = {B17E85B1-5F60-4440-9F9A-3DDE877E8CDF}
	EndGlobalSection
EndGlobal
