{
  "version": 1,
  "dependencies": {
    "net8.0": {
      "DalamudPackager": {
        "type": "Direct",
        "requested": "[11.0.0, )",
        "resolved": "11.0.0",
        "contentHash": "bjT7XUlhIJSmsE/O76b7weUX+evvGQctbQB8aKXt94o+oPWxHpCepxAGMs7Thow3AzCyqWs7cOpp9/2wcgRRQA=="
      },
      "WebSocketSharp.NetCore": {
        "type": "Direct",
        "requested": "[1.0.1-alpha.4, )",
        "resolved": "1.0.1-alpha.4",
        "contentHash": "qL+tPaCWsmMowz8lc21Jti+Hb8xQmmIT8VgaBZF2o5ieB2YUUN/IC3csraPsbUeUmKWqBg3A/8jwR/MipPN7FA=="
      },
      "echosync-data": {
        "type": "Project"
      }
    }
  }
}